// !$*UTF8*$!
{
	archiveVersion = 1;
	classes = {
	};
	objectVersion = 48;
	objects = {

/* Begin PBXBuildFile section */
		0C9199692103197A005D3A6A /* CLGCDTimerManager.m in Sources */ = {isa = PBXBuildFile; fileRef = 0C9199672103197A005D3A6A /* CLGCDTimerManager.m */; };
		0C92F14F2248FD4A0087AEBD /* CLGCDTimerManager.swift in Sources */ = {isa = PBXBuildFile; fileRef = 0C92F14E2248FD490087AEBD /* CLGCDTimerManager.swift */; };
		5B8A387E1FC69E74008B153B /* AppDelegate.m in Sources */ = {isa = PBXBuildFile; fileRef = 5B8A387D1FC69E74008B153B /* AppDelegate.m */; };
		5B8A38811FC69E74008B153B /* ViewController.m in Sources */ = {isa = PBXBuildFile; fileRef = 5B8A38801FC69E74008B153B /* ViewController.m */; };
		5B8A38841FC69E74008B153B /* Main.storyboard in Resources */ = {isa = PBXBuildFile; fileRef = 5B8A38821FC69E74008B153B /* Main.storyboard */; };
		5B8A38861FC69E74008B153B /* Assets.xcassets in Resources */ = {isa = PBXBuildFile; fileRef = 5B8A38851FC69E74008B153B /* Assets.xcassets */; };
		5B8A38891FC69E74008B153B /* LaunchScreen.storyboard in Resources */ = {isa = PBXBuildFile; fileRef = 5B8A38871FC69E74008B153B /* LaunchScreen.storyboard */; };
		5B8A388C1FC69E74008B153B /* main.m in Sources */ = {isa = PBXBuildFile; fileRef = 5B8A388B1FC69E74008B153B /* main.m */; };
		5B8A38BC1FC7E178008B153B /* AViewController.m in Sources */ = {isa = PBXBuildFile; fileRef = 5B8A38BB1FC7E178008B153B /* AViewController.m */; };
/* End PBXBuildFile section */

/* Begin PBXFileReference section */
		0C9199672103197A005D3A6A /* CLGCDTimerManager.m */ = {isa = PBXFileReference; fileEncoding = 4; lastKnownFileType = sourcecode.c.objc; path = CLGCDTimerManager.m; sourceTree = "<group>"; };
		0C9199682103197A005D3A6A /* CLGCDTimerManager.h */ = {isa = PBXFileReference; fileEncoding = 4; lastKnownFileType = sourcecode.c.h; path = CLGCDTimerManager.h; sourceTree = "<group>"; };
		0C92F14D2248FD490087AEBD /* GCDTimer-Bridging-Header.h */ = {isa = PBXFileReference; lastKnownFileType = sourcecode.c.h; path = "GCDTimer-Bridging-Header.h"; sourceTree = "<group>"; };
		0C92F14E2248FD490087AEBD /* CLGCDTimerManager.swift */ = {isa = PBXFileReference; fileEncoding = 4; lastKnownFileType = sourcecode.swift; path = CLGCDTimerManager.swift; sourceTree = "<group>"; };
		5B8A38791FC69E74008B153B /* GCDTimer.app */ = {isa = PBXFileReference; explicitFileType = wrapper.application; includeInIndex = 0; path = GCDTimer.app; sourceTree = BUILT_PRODUCTS_DIR; };
		5B8A387C1FC69E74008B153B /* AppDelegate.h */ = {isa = PBXFileReference; lastKnownFileType = sourcecode.c.h; path = AppDelegate.h; sourceTree = "<group>"; };
		5B8A387D1FC69E74008B153B /* AppDelegate.m */ = {isa = PBXFileReference; lastKnownFileType = sourcecode.c.objc; path = AppDelegate.m; sourceTree = "<group>"; };
		5B8A387F1FC69E74008B153B /* ViewController.h */ = {isa = PBXFileReference; lastKnownFileType = sourcecode.c.h; path = ViewController.h; sourceTree = "<group>"; };
		5B8A38801FC69E74008B153B /* ViewController.m */ = {isa = PBXFileReference; lastKnownFileType = sourcecode.c.objc; path = ViewController.m; sourceTree = "<group>"; };
		5B8A38831FC69E74008B153B /* Base */ = {isa = PBXFileReference; lastKnownFileType = file.storyboard; name = Base; path = Base.lproj/Main.storyboard; sourceTree = "<group>"; };
		5B8A38851FC69E74008B153B /* Assets.xcassets */ = {isa = PBXFileReference; lastKnownFileType = folder.assetcatalog; path = Assets.xcassets; sourceTree = "<group>"; };
		5B8A38881FC69E74008B153B /* Base */ = {isa = PBXFileReference; lastKnownFileType = file.storyboard; name = Base; path = Base.lproj/LaunchScreen.storyboard; sourceTree = "<group>"; };
		5B8A388A1FC69E74008B153B /* Info.plist */ = {isa = PBXFileReference; lastKnownFileType = text.plist.xml; path = Info.plist; sourceTree = "<group>"; };
		5B8A388B1FC69E74008B153B /* main.m */ = {isa = PBXFileReference; lastKnownFileType = sourcecode.c.objc; path = main.m; sourceTree = "<group>"; };
		5B8A38BA1FC7E178008B153B /* AViewController.h */ = {isa = PBXFileReference; lastKnownFileType = sourcecode.c.h; path = AViewController.h; sourceTree = "<group>"; };
		5B8A38BB1FC7E178008B153B /* AViewController.m */ = {isa = PBXFileReference; lastKnownFileType = sourcecode.c.objc; path = AViewController.m; sourceTree = "<group>"; };
/* End PBXFileReference section */

/* Begin PBXFrameworksBuildPhase section */
		5B8A38761FC69E74008B153B /* Frameworks */ = {
			isa = PBXFrameworksBuildPhase;
			buildActionMask = 2147483647;
			files = (
			);
			runOnlyForDeploymentPostprocessing = 0;
		};
/* End PBXFrameworksBuildPhase section */

/* Begin PBXGroup section */
		5B8A38701FC69E74008B153B = {
			isa = PBXGroup;
			children = (
				5B8A387B1FC69E74008B153B /* GCDTimer */,
				5B8A387A1FC69E74008B153B /* Products */,
			);
			sourceTree = "<group>";
		};
		5B8A387A1FC69E74008B153B /* Products */ = {
			isa = PBXGroup;
			children = (
				5B8A38791FC69E74008B153B /* GCDTimer.app */,
			);
			name = Products;
			sourceTree = "<group>";
		};
		5B8A387B1FC69E74008B153B /* GCDTimer */ = {
			isa = PBXGroup;
			children = (
				5B8A387C1FC69E74008B153B /* AppDelegate.h */,
				5B8A387D1FC69E74008B153B /* AppDelegate.m */,
				5B8A387F1FC69E74008B153B /* ViewController.h */,
				5B8A38801FC69E74008B153B /* ViewController.m */,
				5B8A38BA1FC7E178008B153B /* AViewController.h */,
				5B8A38BB1FC7E178008B153B /* AViewController.m */,
				0C9199682103197A005D3A6A /* CLGCDTimerManager.h */,
				0C9199672103197A005D3A6A /* CLGCDTimerManager.m */,
				0C92F14E2248FD490087AEBD /* CLGCDTimerManager.swift */,
				5B8A38821FC69E74008B153B /* Main.storyboard */,
				5B8A38851FC69E74008B153B /* Assets.xcassets */,
				5B8A38871FC69E74008B153B /* LaunchScreen.storyboard */,
				5B8A388A1FC69E74008B153B /* Info.plist */,
				5B8A388B1FC69E74008B153B /* main.m */,
				0C92F14D2248FD490087AEBD /* GCDTimer-Bridging-Header.h */,
			);
			path = GCDTimer;
			sourceTree = "<group>";
		};
/* End PBXGroup section */

/* Begin PBXNativeTarget section */
		5B8A38781FC69E74008B153B /* GCDTimer */ = {
			isa = PBXNativeTarget;
			buildConfigurationList = 5B8A38A51FC69E74008B153B /* Build configuration list for PBXNativeTarget "GCDTimer" */;
			buildPhases = (
				5B8A38751FC69E74008B153B /* Sources */,
				5B8A38761FC69E74008B153B /* Frameworks */,
				5B8A38771FC69E74008B153B /* Resources */,
			);
			buildRules = (
			);
			dependencies = (
			);
			name = GCDTimer;
			productName = GCDTimer;
			productReference = 5B8A38791FC69E74008B153B /* GCDTimer.app */;
			productType = "com.apple.product-type.application";
		};
/* End PBXNativeTarget section */

/* Begin PBXProject section */
		5B8A38711FC69E74008B153B /* Project object */ = {
			isa = PBXProject;
			attributes = {
				LastUpgradeCheck = 1010;
				ORGANIZATIONNAME = JmoVxia;
				TargetAttributes = {
					5B8A38781FC69E74008B153B = {
						CreatedOnToolsVersion = 9.1;
						LastSwiftMigration = 1010;
						ProvisioningStyle = Automatic;
					};
				};
			};
			buildConfigurationList = 5B8A38741FC69E74008B153B /* Build configuration list for PBXProject "GCDTimer" */;
			compatibilityVersion = "Xcode 8.0";
			developmentRegion = en;
			hasScannedForEncodings = 0;
			knownRegions = (
				en,
				Base,
			);
			mainGroup = 5B8A38701FC69E74008B153B;
			productRefGroup = 5B8A387A1FC69E74008B153B /* Products */;
			projectDirPath = "";
			projectRoot = "";
			targets = (
				5B8A38781FC69E74008B153B /* GCDTimer */,
			);
		};
/* End PBXProject section */

/* Begin PBXResourcesBuildPhase section */
		5B8A38771FC69E74008B153B /* Resources */ = {
			isa = PBXResourcesBuildPhase;
			buildActionMask = 2147483647;
			files = (
				5B8A38891FC69E74008B153B /* LaunchScreen.storyboard in Resources */,
				5B8A38861FC69E74008B153B /* Assets.xcassets in Resources */,
				5B8A38841FC69E74008B153B /* Main.storyboard in Resources */,
			);
			runOnlyForDeploymentPostprocessing = 0;
		};
/* End PBXResourcesBuildPhase section */

/* Begin PBXSourcesBuildPhase section */
		5B8A38751FC69E74008B153B /* Sources */ = {
			isa = PBXSourcesBuildPhase;
			buildActionMask = 2147483647;
			files = (
				0C9199692103197A005D3A6A /* CLGCDTimerManager.m in Sources */,
				5B8A38811FC69E74008B153B /* ViewController.m in Sources */,
				5B8A38BC1FC7E178008B153B /* AViewController.m in Sources */,
				0C92F14F2248FD4A0087AEBD /* CLGCDTimerManager.swift in Sources */,
				5B8A388C1FC69E74008B153B /* main.m in Sources */,
				5B8A387E1FC69E74008B153B /* AppDelegate.m in Sources */,
			);
			runOnlyForDeploymentPostprocessing = 0;
		};
/* End PBXSourcesBuildPhase section */

/* Begin PBXVariantGroup section */
		5B8A38821FC69E74008B153B /* Main.storyboard */ = {
			isa = PBXVariantGroup;
			children = (
				5B8A38831FC69E74008B153B /* Base */,
			);
			name = Main.storyboard;
			sourceTree = "<group>";
		};
		5B8A38871FC69E74008B153B /* LaunchScreen.storyboard */ = {
			isa = PBXVariantGroup;
			children = (
				5B8A38881FC69E74008B153B /* Base */,
			);
			name = LaunchScreen.storyboard;
			sourceTree = "<group>";
		};
/* End PBXVariantGroup section */

/* Begin XCBuildConfiguration section */
		5B8A38A31FC69E74008B153B /* Debug */ = {
			isa = XCBuildConfiguration;
			buildSettings = {
				ALWAYS_SEARCH_USER_PATHS = NO;
				CLANG_ANALYZER_NONNULL = YES;
				CLANG_ANALYZER_NUMBER_OBJECT_CONVERSION = YES_AGGRESSIVE;
				CLANG_CXX_LANGUAGE_STANDARD = "gnu++14";
				CLANG_CXX_LIBRARY = "libc++";
				CLANG_ENABLE_MODULES = YES;
				CLANG_ENABLE_OBJC_ARC = YES;
				CLANG_WARN_BLOCK_CAPTURE_AUTORELEASING = YES;
				CLANG_WARN_BOOL_CONVERSION = YES;
				CLANG_WARN_COMMA = YES;
				CLANG_WARN_CONSTANT_CONVERSION = YES;
				CLANG_WARN_DEPRECATED_OBJC_IMPLEMENTATIONS = YES;
				CLANG_WARN_DIRECT_OBJC_ISA_USAGE = YES_ERROR;
				CLANG_WARN_DOCUMENTATION_COMMENTS = YES;
				CLANG_WARN_EMPTY_BODY = YES;
				CLANG_WARN_ENUM_CONVERSION = YES;
				CLANG_WARN_INFINITE_RECURSION = YES;
				CLANG_WARN_INT_CONVERSION = YES;
				CLANG_WARN_NON_LITERAL_NULL_CONVERSION = YES;
				CLANG_WARN_OBJC_IMPLICIT_RETAIN_SELF = YES;
				CLANG_WARN_OBJC_LITERAL_CONVERSION = YES;
				CLANG_WARN_OBJC_ROOT_CLASS = YES_ERROR;
				CLANG_WARN_RANGE_LOOP_ANALYSIS = YES;
				CLANG_WARN_STRICT_PROTOTYPES = YES;
				CLANG_WARN_SUSPICIOUS_MOVE = YES;
				CLANG_WARN_UNGUARDED_AVAILABILITY = YES_AGGRESSIVE;
				CLANG_WARN_UNREACHABLE_CODE = YES;
				CLANG_WARN__DUPLICATE_METHOD_MATCH = YES;
				CODE_SIGN_IDENTITY = "iPhone Developer";
				COPY_PHASE_STRIP = NO;
				DEBUG_INFORMATION_FORMAT = dwarf;
				ENABLE_STRICT_OBJC_MSGSEND = YES;
				ENABLE_TESTABILITY = YES;
				GCC_C_LANGUAGE_STANDARD = gnu11;
				GCC_DYNAMIC_NO_PIC = NO;
				GCC_NO_COMMON_BLOCKS = YES;
				GCC_OPTIMIZATION_LEVEL = 0;
				GCC_PREPROCESSOR_DEFINITIONS = (
					"DEBUG=1",
					"$(inherited)",
				);
				GCC_WARN_64_TO_32_BIT_CONVERSION = YES;
				GCC_WARN_ABOUT_RETURN_TYPE = YES_ERROR;
				GCC_WARN_UNDECLARED_SELECTOR = YES;
				GCC_WARN_UNINITIALIZED_AUTOS = YES_AGGRESSIVE;
				GCC_WARN_UNUSED_FUNCTION = YES;
				GCC_WARN_UNUSED_VARIABLE = YES;
				IPHONEOS_DEPLOYMENT_TARGET = 11.1;
				MTL_ENABLE_DEBUG_INFO = YES;
				ONLY_ACTIVE_ARCH = YES;
				SDKROOT = iphoneos;
			};
			name = Debug;
		};
		5B8A38A41FC69E74008B153B /* Release */ = {
			isa = XCBuildConfiguration;
			buildSettings = {
				ALWAYS_SEARCH_USER_PATHS = NO;
				CLANG_ANALYZER_NONNULL = YES;
				CLANG_ANALYZER_NUMBER_OBJECT_CONVERSION = YES_AGGRESSIVE;
				CLANG_CXX_LANGUAGE_STANDARD = "gnu++14";
				CLANG_CXX_LIBRARY = "libc++";
				CLANG_ENABLE_MODULES = YES;
				CLANG_ENABLE_OBJC_ARC = YES;
				CLANG_WARN_BLOCK_CAPTURE_AUTORELEASING = YES;
				CLANG_WARN_BOOL_CONVERSION = YES;
				CLANG_WARN_COMMA = YES;
				CLANG_WARN_CONSTANT_CONVERSION = YES;
				CLANG_WARN_DEPRECATED_OBJC_IMPLEMENTATIONS = YES;
				CLANG_WARN_DIRECT_OBJC_ISA_USAGE = YES_ERROR;
				CLANG_WARN_DOCUMENTATION_COMMENTS = YES;
				CLANG_WARN_EMPTY_BODY = YES;
				CLANG_WARN_ENUM_CONVERSION = YES;
				CLANG_WARN_INFINITE_RECURSION = YES;
				CLANG_WARN_INT_CONVERSION = YES;
				CLANG_WARN_NON_LITERAL_NULL_CONVERSION = YES;
				CLANG_WARN_OBJC_IMPLICIT_RETAIN_SELF = YES;
				CLANG_WARN_OBJC_LITERAL_CONVERSION = YES;
				CLANG_WARN_OBJC_ROOT_CLASS = YES_ERROR;
				CLANG_WARN_RANGE_LOOP_ANALYSIS = YES;
				CLANG_WARN_STRICT_PROTOTYPES = YES;
				CLANG_WARN_SUSPICIOUS_MOVE = YES;
				CLANG_WARN_UNGUARDED_AVAILABILITY = YES_AGGRESSIVE;
				CLANG_WARN_UNREACHABLE_CODE = YES;
				CLANG_WARN__DUPLICATE_METHOD_MATCH = YES;
				CODE_SIGN_IDENTITY = "iPhone Developer";
				COPY_PHASE_STRIP = NO;
				DEBUG_INFORMATION_FORMAT = "dwarf-with-dsym";
				ENABLE_NS_ASSERTIONS = NO;
				ENABLE_STRICT_OBJC_MSGSEND = YES;
				GCC_C_LANGUAGE_STANDARD = gnu11;
				GCC_NO_COMMON_BLOCKS = YES;
				GCC_WARN_64_TO_32_BIT_CONVERSION = YES;
				GCC_WARN_ABOUT_RETURN_TYPE = YES_ERROR;
				GCC_WARN_UNDECLARED_SELECTOR = YES;
				GCC_WARN_UNINITIALIZED_AUTOS = YES_AGGRESSIVE;
				GCC_WARN_UNUSED_FUNCTION = YES;
				GCC_WARN_UNUSED_VARIABLE = YES;
				IPHONEOS_DEPLOYMENT_TARGET = 11.1;
				MTL_ENABLE_DEBUG_INFO = NO;
				SDKROOT = iphoneos;
				VALIDATE_PRODUCT = YES;
			};
			name = Release;
		};
		5B8A38A61FC69E74008B153B /* Debug */ = {
			isa = XCBuildConfiguration;
			buildSettings = {
				ASSETCATALOG_COMPILER_APPICON_NAME = AppIcon;
				CLANG_ENABLE_MODULES = YES;
				CODE_SIGN_STYLE = Automatic;
				DEVELOPMENT_TEAM = 533J5B8T42;
				INFOPLIST_FILE = GCDTimer/Info.plist;
				LD_RUNPATH_SEARCH_PATHS = "$(inherited) @executable_path/Frameworks";
				PRODUCT_BUNDLE_IDENTIFIER = "----.GCDTimer";
				PRODUCT_NAME = "$(TARGET_NAME)";
				SWIFT_OBJC_BRIDGING_HEADER = "GCDTimer/GCDTimer-Bridging-Header.h";
				SWIFT_OPTIMIZATION_LEVEL = "-Onone";
				SWIFT_VERSION = 4.2;
				TARGETED_DEVICE_FAMILY = "1,2";
			};
			name = Debug;
		};
		5B8A38A71FC69E74008B153B /* Release */ = {
			isa = XCBuildConfiguration;
			buildSettings = {
				ASSETCATALOG_COMPILER_APPICON_NAME = AppIcon;
				CLANG_ENABLE_MODULES = YES;
				CODE_SIGN_STYLE = Automatic;
				DEVELOPMENT_TEAM = 533J5B8T42;
				INFOPLIST_FILE = GCDTimer/Info.plist;
				LD_RUNPATH_SEARCH_PATHS = "$(inherited) @executable_path/Frameworks";
				PRODUCT_BUNDLE_IDENTIFIER = "----.GCDTimer";
				PRODUCT_NAME = "$(TARGET_NAME)";
				SWIFT_OBJC_BRIDGING_HEADER = "GCDTimer/GCDTimer-Bridging-Header.h";
				SWIFT_VERSION = 4.2;
				TARGETED_DEVICE_FAMILY = "1,2";
			};
			name = Release;
		};
/* End XCBuildConfiguration section */

/* Begin XCConfigurationList section */
		5B8A38741FC69E74008B153B /* Build configuration list for PBXProject "GCDTimer" */ = {
			isa = XCConfigurationList;
			buildConfigurations = (
				5B8A38A31FC69E74008B153B /* Debug */,
				5B8A38A41FC69E74008B153B /* Release */,
			);
			defaultConfigurationIsVisible = 0;
			defaultConfigurationName = Release;
		};
		5B8A38A51FC69E74008B153B /* Build configuration list for PBXNativeTarget "GCDTimer" */ = {
			isa = XCConfigurationList;
			buildConfigurations = (
				5B8A38A61FC69E74008B153B /* Debug */,
				5B8A38A71FC69E74008B153B /* Release */,
			);
			defaultConfigurationIsVisible = 0;
			defaultConfigurationName = Release;
		};
/* End XCConfigurationList section */
	};
	rootObject = 5B8A38711FC69E74008B153B /* Project object */;
}
